
Microsoft Visual Studio Solution File, Format Version 12.00
# Visual Studio 14
VisualStudioVersion = 14.0.23107.0
MinimumVisualStudioVersion = 10.0.40219.1
Project("{FAE04EC0-301F-11D3-BF4B-00C04F79EFBC}") = "Together.Domain", "Together.Domain\Together.Domain.csproj", "{DAF59AE5-25A0-4716-84E1-CF31F123D9CF}"
EndProject
Project("{FAE04EC0-301F-11D3-BF4B-00C04F79EFBC}") = "Together.DAL", "Together.DAL\Together.DAL.csproj", "{AC0818DD-9042-4A14-A801-C0FB61186CA2}"
EndProject
Project("{FAE04EC0-301F-11D3-BF4B-00C04F79EFBC}") = "Together.Web", "Together.Web\Together.Web.csproj", "{79CC2F07-3E21-4C4C-9A69-4B83640A4518}"
EndProject
Project("{FAE04EC0-301F-11D3-BF4B-00C04F79EFBC}") = "Together.Sandbox", "Together.Sandbox\Together.Sandbox.csproj", "{70100E21-B361-4574-A140-F28F7AC72DBF}"
EndProject
Project("{FAE04EC0-301F-11D3-BF4B-00C04F79EFBC}") = "Together.BL", "Together.BL\Together.BL.csproj", "{37285DBD-2533-4BC5-9BCE-1397C8F2126F}"
EndProject
Project("{FAE04EC0-301F-11D3-BF4B-00C04F79EFBC}") = "Together.WebApi", "Together.WebApi\Together.WebApi.csproj", "{EB82FA9F-5EE8-40C6-A87C-7702CAC9675D}"
EndProject
Global
	GlobalSection(SolutionConfigurationPlatforms) = preSolution
		Debug|Any CPU = Debug|Any CPU
		Release|Any CPU = Release|Any CPU
	EndGlobalSection
	GlobalSection(ProjectConfigurationPlatforms) = postSolution
		{DAF59AE5-25A0-4716-84E1-CF31F123D9CF}.Debug|Any CPU.ActiveCfg = Debug|Any CPU
		{DAF59AE5-25A0-4716-84E1-CF31F123D9CF}.Debug|Any CPU.Build.0 = Debug|Any CPU
		{DAF59AE5-25A0-4716-84E1-CF31F123D9CF}.Release|Any CPU.ActiveCfg = Release|Any CPU
		{DAF59AE5-25A0-4716-84E1-CF31F123D9CF}.Release|Any CPU.Build.0 = Release|Any CPU
		{AC0818DD-9042-4A14-A801-C0FB61186CA2}.Debug|Any CPU.ActiveCfg = Debug|Any CPU
		{AC0818DD-9042-4A14-A801-C0FB61186CA2}.Debug|Any CPU.Build.0 = Debug|Any CPU
		{AC0818DD-9042-4A14-A801-C0FB61186CA2}.Release|Any CPU.ActiveCfg = Release|Any CPU
		{AC0818DD-9042-4A14-A801-C0FB61186CA2}.Release|Any CPU.Build.0 = Release|Any CPU
		{79CC2F07-3E21-4C4C-9A69-4B83640A4518}.Debug|Any CPU.ActiveCfg = Debug|Any CPU
		{79CC2F07-3E21-4C4C-9A69-4B83640A4518}.Debug|Any CPU.Build.0 = Debug|Any CPU
		{79CC2F07-3E21-4C4C-9A69-4B83640A4518}.Release|Any CPU.ActiveCfg = Release|Any CPU
		{79CC2F07-3E21-4C4C-9A69-4B83640A4518}.Release|Any CPU.Build.0 = Release|Any CPU
		{70100E21-B361-4574-A140-F28F7AC72DBF}.Debug|Any CPU.ActiveCfg = Debug|Any CPU
		{70100E21-B361-4574-A140-F28F7AC72DBF}.Debug|Any CPU.Build.0 = Debug|Any CPU
		{70100E21-B361-4574-A140-F28F7AC72DBF}.Release|Any CPU.ActiveCfg = Release|Any CPU
		{70100E21-B361-4574-A140-F28F7AC72DBF}.Release|Any CPU.Build.0 = Release|Any CPU
		{37285DBD-2533-4BC5-9BCE-1397C8F2126F}.Debug|Any CPU.ActiveCfg = Debug|Any CPU
		{37285DBD-2533-4BC5-9BCE-1397C8F2126F}.Debug|Any CPU.Build.0 = Debug|Any CPU
		{37285DBD-2533-4BC5-9BCE-1397C8F2126F}.Release|Any CPU.ActiveCfg = Release|Any CPU
		{37285DBD-2533-4BC5-9BCE-1397C8F2126F}.Release|Any CPU.Build.0 = Release|Any CPU
		{EB82FA9F-5EE8-40C6-A87C-7702CAC9675D}.Debug|Any CPU.ActiveCfg = Debug|Any CPU
		{EB82FA9F-5EE8-40C6-A87C-7702CAC9675D}.Debug|Any CPU.Build.0 = Debug|Any CPU
		{EB82FA9F-5EE8-40C6-A87C-7702CAC9675D}.Release|Any CPU.ActiveCfg = Release|Any CPU
		{EB82FA9F-5EE8-40C6-A87C-7702CAC9675D}.Release|Any CPU.Build.0 = Release|Any CPU
	EndGlobalSection
	GlobalSection(SolutionProperties) = preSolution
		HideSolutionNode = FALSE
	EndGlobalSection
EndGlobal
