
Microsoft Visual Studio Solution File, Format Version 12.00
# Visual Studio Version 17
VisualStudioVersion = 17.9.34902.65
MinimumVisualStudioVersion = 10.0.40219.1
Project("{FAE04EC0-301F-11D3-BF4B-00C04F79EFBC}") = "Together.WebAPI", "Together.WebAPI\Together.WebAPI.csproj", "{79F7A682-1A8E-48DC-8F8F-9817A5E2D06B}"
EndProject
Project("{FAE04EC0-301F-11D3-BF4B-00C04F79EFBC}") = "Together.Domain", "Together.Domain\Together.Domain.csproj", "{ED7FA554-CB9E-4208-A523-CFD9427266B3}"
EndProject
Project("{FAE04EC0-301F-11D3-BF4B-00C04F79EFBC}") = "Together.Application", "Together.Application\Together.Application.csproj", "{BADF58C7-1BEE-4E81-B038-9827EA8545AE}"
EndProject
Project("{FAE04EC0-301F-11D3-BF4B-00C04F79EFBC}") = "Together.Persistence", "Together.Persistence\Together.Persistence.csproj", "{A004D16E-1309-4C37-A07F-52136E031A4D}"
EndProject
Global
	GlobalSection(SolutionConfigurationPlatforms) = preSolution
		Debug|Any CPU = Debug|Any CPU
		Release|Any CPU = Release|Any CPU
	EndGlobalSection
	GlobalSection(ProjectConfigurationPlatforms) = postSolution
		{79F7A682-1A8E-48DC-8F8F-9817A5E2D06B}.Debug|Any CPU.ActiveCfg = Debug|Any CPU
		{79F7A682-1A8E-48DC-8F8F-9817A5E2D06B}.Debug|Any CPU.Build.0 = Debug|Any CPU
		{79F7A682-1A8E-48DC-8F8F-9817A5E2D06B}.Release|Any CPU.ActiveCfg = Release|Any CPU
		{79F7A682-1A8E-48DC-8F8F-9817A5E2D06B}.Release|Any CPU.Build.0 = Release|Any CPU
		{ED7FA554-CB9E-4208-A523-CFD9427266B3}.Debug|Any CPU.ActiveCfg = Debug|Any CPU
		{ED7FA554-CB9E-4208-A523-CFD9427266B3}.Debug|Any CPU.Build.0 = Debug|Any CPU
		{ED7FA554-CB9E-4208-A523-CFD9427266B3}.Release|Any CPU.ActiveCfg = Release|Any CPU
		{ED7FA554-CB9E-4208-A523-CFD9427266B3}.Release|Any CPU.Build.0 = Release|Any CPU
		{BADF58C7-1BEE-4E81-B038-9827EA8545AE}.Debug|Any CPU.ActiveCfg = Debug|Any CPU
		{BADF58C7-1BEE-4E81-B038-9827EA8545AE}.Debug|Any CPU.Build.0 = Debug|Any CPU
		{BADF58C7-1BEE-4E81-B038-9827EA8545AE}.Release|Any CPU.ActiveCfg = Release|Any CPU
		{BADF58C7-1BEE-4E81-B038-9827EA8545AE}.Release|Any CPU.Build.0 = Release|Any CPU
		{A004D16E-1309-4C37-A07F-52136E031A4D}.Debug|Any CPU.ActiveCfg = Debug|Any CPU
		{A004D16E-1309-4C37-A07F-52136E031A4D}.Debug|Any CPU.Build.0 = Debug|Any CPU
		{A004D16E-1309-4C37-A07F-52136E031A4D}.Release|Any CPU.ActiveCfg = Release|Any CPU
		{A004D16E-1309-4C37-A07F-52136E031A4D}.Release|Any CPU.Build.0 = Release|Any CPU
	EndGlobalSection
	GlobalSection(SolutionProperties) = preSolution
		HideSolutionNode = FALSE
	EndGlobalSection
	GlobalSection(ExtensibilityGlobals) = postSolution
		SolutionGuid = {D757D46A-AA5F-411E-A150-947EAA510ED6}
	EndGlobalSection
EndGlobal
