
Microsoft Visual Studio Solution File, Format Version 12.00
# Visual Studio 15
VisualStudioVersion = 15.0.28010.2036
MinimumVisualStudioVersion = 10.0.40219.1
Project("{FAE04EC0-301F-11D3-BF4B-00C04F79EFBC}") = "Together.DataAccess", "Together.DataAccess\Together.DataAccess.csproj", "{74928B2A-36B9-44D8-83DD-9852464B5669}"
EndProject
Project("{FAE04EC0-301F-11D3-BF4B-00C04F79EFBC}") = "Together.Domain", "Together.Domain\Together.Domain.csproj", "{D8F56879-5B99-4BB3-BFB0-6067942134A2}"
EndProject
Project("{FAE04EC0-301F-11D3-BF4B-00C04F79EFBC}") = "Together.WebApi", "Together.WebApi\Together.WebApi.csproj", "{1401C6A1-C2BF-4089-8B13-D8DD09DDEFAD}"
EndProject
Global
	GlobalSection(SolutionConfigurationPlatforms) = preSolution
		Debug|Any CPU = Debug|Any CPU
		Release|Any CPU = Release|Any CPU
	EndGlobalSection
	GlobalSection(ProjectConfigurationPlatforms) = postSolution
		{74928B2A-36B9-44D8-83DD-9852464B5669}.Debug|Any CPU.ActiveCfg = Debug|Any CPU
		{74928B2A-36B9-44D8-83DD-9852464B5669}.Debug|Any CPU.Build.0 = Debug|Any CPU
		{74928B2A-36B9-44D8-83DD-9852464B5669}.Release|Any CPU.ActiveCfg = Release|Any CPU
		{74928B2A-36B9-44D8-83DD-9852464B5669}.Release|Any CPU.Build.0 = Release|Any CPU
		{D8F56879-5B99-4BB3-BFB0-6067942134A2}.Debug|Any CPU.ActiveCfg = Debug|Any CPU
		{D8F56879-5B99-4BB3-BFB0-6067942134A2}.Debug|Any CPU.Build.0 = Debug|Any CPU
		{D8F56879-5B99-4BB3-BFB0-6067942134A2}.Release|Any CPU.ActiveCfg = Release|Any CPU
		{D8F56879-5B99-4BB3-BFB0-6067942134A2}.Release|Any CPU.Build.0 = Release|Any CPU
		{1401C6A1-C2BF-4089-8B13-D8DD09DDEFAD}.Debug|Any CPU.ActiveCfg = Debug|Any CPU
		{1401C6A1-C2BF-4089-8B13-D8DD09DDEFAD}.Debug|Any CPU.Build.0 = Debug|Any CPU
		{1401C6A1-C2BF-4089-8B13-D8DD09DDEFAD}.Release|Any CPU.ActiveCfg = Release|Any CPU
		{1401C6A1-C2BF-4089-8B13-D8DD09DDEFAD}.Release|Any CPU.Build.0 = Release|Any CPU
	EndGlobalSection
	GlobalSection(SolutionProperties) = preSolution
		HideSolutionNode = FALSE
	EndGlobalSection
	GlobalSection(ExtensibilityGlobals) = postSolution
		SolutionGuid = {DB9911EE-A1B4-469D-8A6F-BA9A743BFE24}
	EndGlobalSection
EndGlobal
