
Microsoft Visual Studio Solution File, Format Version 12.00
# Visual Studio Version 16
VisualStudioVersion = 16.0.29806.167
MinimumVisualStudioVersion = 10.0.40219.1
Project("{9A19103F-16F7-4668-BE54-9A1E7A4F7556}") = "Together.Domain", "Together.Domain\Together.Domain.csproj", "{0E88254A-0B98-47F3-A755-E37472CF2AF3}"
EndProject
Project("{9A19103F-16F7-4668-BE54-9A1E7A4F7556}") = "Together.DataAccess", "Together.DataAccess\Together.DataAccess.csproj", "{FF1598FD-8484-497E-A1E9-BC3536FAB92E}"
EndProject
Project("{9A19103F-16F7-4668-BE54-9A1E7A4F7556}") = "Together.Services", "Together.Services\Together.Services.csproj", "{89E30458-B3A5-42B8-A6D2-CAF3EE40AA33}"
EndProject
Project("{9A19103F-16F7-4668-BE54-9A1E7A4F7556}") = "Together.WebApi", "Together.WebApi\Together.WebApi.csproj", "{A75948AF-674B-41A0-9CB0-0BDA5DE77732}"
EndProject
Project("{FAE04EC0-301F-11D3-BF4B-00C04F79EFBC}") = "Together.WebClient", "Together.WebClient\Together.WebClient.csproj", "{1B691A43-9C77-4BBB-8A25-50FA88D2C2A5}"
EndProject
Project("{FAE04EC0-301F-11D3-BF4B-00C04F79EFBC}") = "Together.Auth", "Together.Auth\Together.Auth.csproj", "{315EF606-8721-4E83-9FE5-0A299324DBEB}"
EndProject
Global
	GlobalSection(SolutionConfigurationPlatforms) = preSolution
		Debug|Any CPU = Debug|Any CPU
		Release|Any CPU = Release|Any CPU
	EndGlobalSection
	GlobalSection(ProjectConfigurationPlatforms) = postSolution
		{0E88254A-0B98-47F3-A755-E37472CF2AF3}.Debug|Any CPU.ActiveCfg = Debug|Any CPU
		{0E88254A-0B98-47F3-A755-E37472CF2AF3}.Debug|Any CPU.Build.0 = Debug|Any CPU
		{0E88254A-0B98-47F3-A755-E37472CF2AF3}.Release|Any CPU.ActiveCfg = Release|Any CPU
		{0E88254A-0B98-47F3-A755-E37472CF2AF3}.Release|Any CPU.Build.0 = Release|Any CPU
		{FF1598FD-8484-497E-A1E9-BC3536FAB92E}.Debug|Any CPU.ActiveCfg = Debug|Any CPU
		{FF1598FD-8484-497E-A1E9-BC3536FAB92E}.Debug|Any CPU.Build.0 = Debug|Any CPU
		{FF1598FD-8484-497E-A1E9-BC3536FAB92E}.Release|Any CPU.ActiveCfg = Release|Any CPU
		{FF1598FD-8484-497E-A1E9-BC3536FAB92E}.Release|Any CPU.Build.0 = Release|Any CPU
		{89E30458-B3A5-42B8-A6D2-CAF3EE40AA33}.Debug|Any CPU.ActiveCfg = Debug|Any CPU
		{89E30458-B3A5-42B8-A6D2-CAF3EE40AA33}.Debug|Any CPU.Build.0 = Debug|Any CPU
		{89E30458-B3A5-42B8-A6D2-CAF3EE40AA33}.Release|Any CPU.ActiveCfg = Release|Any CPU
		{89E30458-B3A5-42B8-A6D2-CAF3EE40AA33}.Release|Any CPU.Build.0 = Release|Any CPU
		{A75948AF-674B-41A0-9CB0-0BDA5DE77732}.Debug|Any CPU.ActiveCfg = Debug|Any CPU
		{A75948AF-674B-41A0-9CB0-0BDA5DE77732}.Debug|Any CPU.Build.0 = Debug|Any CPU
		{A75948AF-674B-41A0-9CB0-0BDA5DE77732}.Release|Any CPU.ActiveCfg = Release|Any CPU
		{A75948AF-674B-41A0-9CB0-0BDA5DE77732}.Release|Any CPU.Build.0 = Release|Any CPU
		{1B691A43-9C77-4BBB-8A25-50FA88D2C2A5}.Debug|Any CPU.ActiveCfg = Debug|Any CPU
		{1B691A43-9C77-4BBB-8A25-50FA88D2C2A5}.Debug|Any CPU.Build.0 = Debug|Any CPU
		{1B691A43-9C77-4BBB-8A25-50FA88D2C2A5}.Release|Any CPU.ActiveCfg = Release|Any CPU
		{1B691A43-9C77-4BBB-8A25-50FA88D2C2A5}.Release|Any CPU.Build.0 = Release|Any CPU
		{315EF606-8721-4E83-9FE5-0A299324DBEB}.Debug|Any CPU.ActiveCfg = Debug|Any CPU
		{315EF606-8721-4E83-9FE5-0A299324DBEB}.Debug|Any CPU.Build.0 = Debug|Any CPU
		{315EF606-8721-4E83-9FE5-0A299324DBEB}.Release|Any CPU.ActiveCfg = Release|Any CPU
		{315EF606-8721-4E83-9FE5-0A299324DBEB}.Release|Any CPU.Build.0 = Release|Any CPU
	EndGlobalSection
	GlobalSection(SolutionProperties) = preSolution
		HideSolutionNode = FALSE
	EndGlobalSection
	GlobalSection(ExtensibilityGlobals) = postSolution
		SolutionGuid = {0EBC4560-02E8-4DA2-B4B5-033E17BB4BB0}
	EndGlobalSection
EndGlobal
